
Microsoft Visual Studio Solution File, Format Version 12.00
# Visual Studio Version 17
VisualStudioVersion = 17.5.33424.131
MinimumVisualStudioVersion = 10.0.40219.1
Project("{FAE04EC0-301F-11D3-BF4B-00C04F79EFBC}") = "ShiftsLoggerAPI", "ShiftsLoggerAPI\ShiftsLoggerAPI.csproj", "{950D384B-1609-4D09-AC06-7CC99C3A16F0}"
EndProject
Global
	GlobalSection(SolutionConfigurationPlatforms) = preSolution
		Debug|Any CPU = Debug|Any CPU
		Release|Any CPU = Release|Any CPU
	EndGlobalSection
	GlobalSection(ProjectConfigurationPlatforms) = postSolution
		{950D384B-1609-4D09-AC06-7CC99C3A16F0}.Debug|Any CPU.ActiveCfg = Debug|Any CPU
		{950D384B-1609-4D09-AC06-7CC99C3A16F0}.Debug|Any CPU.Build.0 = Debug|Any CPU
		{950D384B-1609-4D09-AC06-7CC99C3A16F0}.Release|Any CPU.ActiveCfg = Release|Any CPU
		{950D384B-1609-4D09-AC06-7CC99C3A16F0}.Release|Any CPU.Build.0 = Release|Any CPU
	EndGlobalSection
	GlobalSection(SolutionProperties) = preSolution
		HideSolutionNode = FALSE
	EndGlobalSection
	GlobalSection(ExtensibilityGlobals) = postSolution
		SolutionGuid = {E57A56AC-B3F7-430E-AE4E-4F8E7C2E2B98}
	EndGlobalSection
EndGlobal
